// !$*UTF8*$!
{
	archiveVersion = 1;
	classes = {
	};
	objectVersion = 50;
	objects = {

/* Begin PBXBuildFile section */
		6C3FB68D2171D99100A40E7A /* AppDelegate.swift in Sources */ = {isa = PBXBuildFile; fileRef = 6C3FB68C2171D99100A40E7A /* AppDelegate.swift */; };
		6C3FB68F2171D99100A40E7A /* SelectPersonVC.swift in Sources */ = {isa = PBXBuildFile; fileRef = 6C3FB68E2171D99100A40E7A /* SelectPersonVC.swift */; };
		6C3FB6922171D99100A40E7A /* Main.storyboard in Resources */ = {isa = PBXBuildFile; fileRef = 6C3FB6902171D99100A40E7A /* Main.storyboard */; };
		6C3FB6942171D99300A40E7A /* Assets.xcassets in Resources */ = {isa = PBXBuildFile; fileRef = 6C3FB6932171D99300A40E7A /* Assets.xcassets */; };
		6C3FB6972171D99300A40E7A /* LaunchScreen.storyboard in Resources */ = {isa = PBXBuildFile; fileRef = 6C3FB6952171D99300A40E7A /* LaunchScreen.storyboard */; };
		6C3FB6A12171DC1700A40E7A /* Starjedi.ttf in Resources */ = {isa = PBXBuildFile; fileRef = 6C3FB69E2171DC1700A40E7A /* Starjedi.ttf */; };
		6C3FB6A22171DC1700A40E7A /* Starjhol.ttf in Resources */ = {isa = PBXBuildFile; fileRef = 6C3FB69F2171DC1700A40E7A /* Starjhol.ttf */; };
		6C3FB6A32171DC1700A40E7A /* Starjout.ttf in Resources */ = {isa = PBXBuildFile; fileRef = 6C3FB6A02171DC1700A40E7A /* Starjout.ttf */; };
/* End PBXBuildFile section */

/* Begin PBXFileReference section */
		6C3FB6892171D99100A40E7A /* StarTrivia.app */ = {isa = PBXFileReference; explicitFileType = wrapper.application; includeInIndex = 0; path = StarTrivia.app; sourceTree = BUILT_PRODUCTS_DIR; };
		6C3FB68C2171D99100A40E7A /* AppDelegate.swift */ = {isa = PBXFileReference; lastKnownFileType = sourcecode.swift; path = AppDelegate.swift; sourceTree = "<group>"; };
		6C3FB68E2171D99100A40E7A /* SelectPersonVC.swift */ = {isa = PBXFileReference; lastKnownFileType = sourcecode.swift; path = SelectPersonVC.swift; sourceTree = "<group>"; };
		6C3FB6912171D99100A40E7A /* Base */ = {isa = PBXFileReference; lastKnownFileType = file.storyboard; name = Base; path = Base.lproj/Main.storyboard; sourceTree = "<group>"; };
		6C3FB6932171D99300A40E7A /* Assets.xcassets */ = {isa = PBXFileReference; lastKnownFileType = folder.assetcatalog; path = Assets.xcassets; sourceTree = "<group>"; };
		6C3FB6962171D99300A40E7A /* Base */ = {isa = PBXFileReference; lastKnownFileType = file.storyboard; name = Base; path = Base.lproj/LaunchScreen.storyboard; sourceTree = "<group>"; };
		6C3FB6982171D99300A40E7A /* Info.plist */ = {isa = PBXFileReference; lastKnownFileType = text.plist.xml; path = Info.plist; sourceTree = "<group>"; };
		6C3FB69E2171DC1700A40E7A /* Starjedi.ttf */ = {isa = PBXFileReference; lastKnownFileType = file; path = Starjedi.ttf; sourceTree = "<group>"; };
		6C3FB69F2171DC1700A40E7A /* Starjhol.ttf */ = {isa = PBXFileReference; lastKnownFileType = file; path = Starjhol.ttf; sourceTree = "<group>"; };
		6C3FB6A02171DC1700A40E7A /* Starjout.ttf */ = {isa = PBXFileReference; lastKnownFileType = file; path = Starjout.ttf; sourceTree = "<group>"; };
/* End PBXFileReference section */

/* Begin PBXFrameworksBuildPhase section */
		6C3FB6862171D99100A40E7A /* Frameworks */ = {
			isa = PBXFrameworksBuildPhase;
			buildActionMask = 2147483647;
			files = (
			);
			runOnlyForDeploymentPostprocessing = 0;
		};
/* End PBXFrameworksBuildPhase section */

/* Begin PBXGroup section */
		6C3FB6802171D99100A40E7A = {
			isa = PBXGroup;
			children = (
				6C3FB68B2171D99100A40E7A /* StarTrivia */,
				6C3FB68A2171D99100A40E7A /* Products */,
			);
			sourceTree = "<group>";
		};
		6C3FB68A2171D99100A40E7A /* Products */ = {
			isa = PBXGroup;
			children = (
				6C3FB6892171D99100A40E7A /* StarTrivia.app */,
			);
			name = Products;
			sourceTree = "<group>";
		};
		6C3FB68B2171D99100A40E7A /* StarTrivia */ = {
			isa = PBXGroup;
			children = (
				6C3FB6A82171DC5C00A40E7A /* Model */,
				6C3FB6A72171DC5800A40E7A /* View */,
				6C3FB6A62171DC5200A40E7A /* Controller */,
				6C3FB68C2171D99100A40E7A /* AppDelegate.swift */,
				6C3FB68E2171D99100A40E7A /* SelectPersonVC.swift */,
				6C3FB6902171D99100A40E7A /* Main.storyboard */,
				6C3FB6A52171DC3800A40E7A /* Resources */,
				6C3FB6932171D99300A40E7A /* Assets.xcassets */,
				6C3FB6952171D99300A40E7A /* LaunchScreen.storyboard */,
				6C3FB6982171D99300A40E7A /* Info.plist */,
			);
			path = StarTrivia;
			sourceTree = "<group>";
		};
		6C3FB6A42171DC2800A40E7A /* Fonts */ = {
			isa = PBXGroup;
			children = (
				6C3FB69E2171DC1700A40E7A /* Starjedi.ttf */,
				6C3FB69F2171DC1700A40E7A /* Starjhol.ttf */,
				6C3FB6A02171DC1700A40E7A /* Starjout.ttf */,
			);
			path = Fonts;
			sourceTree = "<group>";
		};
		6C3FB6A52171DC3800A40E7A /* Resources */ = {
			isa = PBXGroup;
			children = (
				6C3FB6A42171DC2800A40E7A /* Fonts */,
			);
			path = Resources;
			sourceTree = "<group>";
		};
		6C3FB6A62171DC5200A40E7A /* Controller */ = {
			isa = PBXGroup;
			children = (
			);
			name = Controller;
			sourceTree = "<group>";
		};
		6C3FB6A72171DC5800A40E7A /* View */ = {
			isa = PBXGroup;
			children = (
			);
			name = View;
			sourceTree = "<group>";
		};
		6C3FB6A82171DC5C00A40E7A /* Model */ = {
			isa = PBXGroup;
			children = (
			);
			path = Model;
			sourceTree = "<group>";
		};
/* End PBXGroup section */

/* Begin PBXNativeTarget section */
		6C3FB6882171D99100A40E7A /* StarTrivia */ = {
			isa = PBXNativeTarget;
			buildConfigurationList = 6C3FB69B2171D99300A40E7A /* Build configuration list for PBXNativeTarget "StarTrivia" */;
			buildPhases = (
				6C3FB6852171D99100A40E7A /* Sources */,
				6C3FB6862171D99100A40E7A /* Frameworks */,
				6C3FB6872171D99100A40E7A /* Resources */,
			);
			buildRules = (
			);
			dependencies = (
			);
			name = StarTrivia;
			productName = StarTrivia;
			productReference = 6C3FB6892171D99100A40E7A /* StarTrivia.app */;
			productType = "com.apple.product-type.application";
		};
/* End PBXNativeTarget section */

/* Begin PBXProject section */
		6C3FB6812171D99100A40E7A /* Project object */ = {
			isa = PBXProject;
			attributes = {
				LastSwiftUpdateCheck = 1000;
				LastUpgradeCheck = 1000;
				ORGANIZATIONNAME = Appdelight;
				TargetAttributes = {
					6C3FB6882171D99100A40E7A = {
						CreatedOnToolsVersion = 10.0;
					};
				};
			};
			buildConfigurationList = 6C3FB6842171D99100A40E7A /* Build configuration list for PBXProject "StarTrivia" */;
			compatibilityVersion = "Xcode 9.3";
			developmentRegion = en;
			hasScannedForEncodings = 0;
			knownRegions = (
				en,
				Base,
			);
			mainGroup = 6C3FB6802171D99100A40E7A;
			productRefGroup = 6C3FB68A2171D99100A40E7A /* Products */;
			projectDirPath = "";
			projectRoot = "";
			targets = (
				6C3FB6882171D99100A40E7A /* StarTrivia */,
			);
		};
/* End PBXProject section */

/* Begin PBXResourcesBuildPhase section */
		6C3FB6872171D99100A40E7A /* Resources */ = {
			isa = PBXResourcesBuildPhase;
			buildActionMask = 2147483647;
			files = (
				6C3FB6972171D99300A40E7A /* LaunchScreen.storyboard in Resources */,
				6C3FB6942171D99300A40E7A /* Assets.xcassets in Resources */,
				6C3FB6A12171DC1700A40E7A /* Starjedi.ttf in Resources */,
				6C3FB6A22171DC1700A40E7A /* Starjhol.ttf in Resources */,
				6C3FB6A32171DC1700A40E7A /* Starjout.ttf in Resources */,
				6C3FB6922171D99100A40E7A /* Main.storyboard in Resources */,
			);
			runOnlyForDeploymentPostprocessing = 0;
		};
/* End PBXResourcesBuildPhase section */

/* Begin PBXSourcesBuildPhase section */
		6C3FB6852171D99100A40E7A /* Sources */ = {
			isa = PBXSourcesBuildPhase;
			buildActionMask = 2147483647;
			files = (
				6C3FB68F2171D99100A40E7A /* SelectPersonVC.swift in Sources */,
				6C3FB68D2171D99100A40E7A /* AppDelegate.swift in Sources */,
			);
			runOnlyForDeploymentPostprocessing = 0;
		};
/* End PBXSourcesBuildPhase section */

/* Begin PBXVariantGroup section */
		6C3FB6902171D99100A40E7A /* Main.storyboard */ = {
			isa = PBXVariantGroup;
			children = (
				6C3FB6912171D99100A40E7A /* Base */,
			);
			name = Main.storyboard;
			sourceTree = "<group>";
		};
		6C3FB6952171D99300A40E7A /* LaunchScreen.storyboard */ = {
			isa = PBXVariantGroup;
			children = (
				6C3FB6962171D99300A40E7A /* Base */,
			);
			name = LaunchScreen.storyboard;
			sourceTree = "<group>";
		};
/* End PBXVariantGroup section */

/* Begin XCBuildConfiguration section */
		6C3FB6992171D99300A40E7A /* Debug */ = {
			isa = XCBuildConfiguration;
			buildSettings = {
				ALWAYS_SEARCH_USER_PATHS = NO;
				CLANG_ANALYZER_NONNULL = YES;
				CLANG_ANALYZER_NUMBER_OBJECT_CONVERSION = YES_AGGRESSIVE;
				CLANG_CXX_LANGUAGE_STANDARD = "gnu++14";
				CLANG_CXX_LIBRARY = "libc++";
				CLANG_ENABLE_MODULES = YES;
				CLANG_ENABLE_OBJC_ARC = YES;
				CLANG_ENABLE_OBJC_WEAK = YES;
				CLANG_WARN_BLOCK_CAPTURE_AUTORELEASING = YES;
				CLANG_WARN_BOOL_CONVERSION = YES;
				CLANG_WARN_COMMA = YES;
				CLANG_WARN_CONSTANT_CONVERSION = YES;
				CLANG_WARN_DEPRECATED_OBJC_IMPLEMENTATIONS = YES;
				CLANG_WARN_DIRECT_OBJC_ISA_USAGE = YES_ERROR;
				CLANG_WARN_DOCUMENTATION_COMMENTS = YES;
				CLANG_WARN_EMPTY_BODY = YES;
				CLANG_WARN_ENUM_CONVERSION = YES;
				CLANG_WARN_INFINITE_RECURSION = YES;
				CLANG_WARN_INT_CONVERSION = YES;
				CLANG_WARN_NON_LITERAL_NULL_CONVERSION = YES;
				CLANG_WARN_OBJC_IMPLICIT_RETAIN_SELF = YES;
				CLANG_WARN_OBJC_LITERAL_CONVERSION = YES;
				CLANG_WARN_OBJC_ROOT_CLASS = YES_ERROR;
				CLANG_WARN_RANGE_LOOP_ANALYSIS = YES;
				CLANG_WARN_STRICT_PROTOTYPES = YES;
				CLANG_WARN_SUSPICIOUS_MOVE = YES;
				CLANG_WARN_UNGUARDED_AVAILABILITY = YES_AGGRESSIVE;
				CLANG_WARN_UNREACHABLE_CODE = YES;
				CLANG_WARN__DUPLICATE_METHOD_MATCH = YES;
				CODE_SIGN_IDENTITY = "iPhone Developer";
				COPY_PHASE_STRIP = NO;
				DEBUG_INFORMATION_FORMAT = dwarf;
				ENABLE_STRICT_OBJC_MSGSEND = YES;
				ENABLE_TESTABILITY = YES;
				GCC_C_LANGUAGE_STANDARD = gnu11;
				GCC_DYNAMIC_NO_PIC = NO;
				GCC_NO_COMMON_BLOCKS = YES;
				GCC_OPTIMIZATION_LEVEL = 0;
				GCC_PREPROCESSOR_DEFINITIONS = (
					"DEBUG=1",
					"$(inherited)",
				);
				GCC_WARN_64_TO_32_BIT_CONVERSION = YES;
				GCC_WARN_ABOUT_RETURN_TYPE = YES_ERROR;
				GCC_WARN_UNDECLARED_SELECTOR = YES;
				GCC_WARN_UNINITIALIZED_AUTOS = YES_AGGRESSIVE;
				GCC_WARN_UNUSED_FUNCTION = YES;
				GCC_WARN_UNUSED_VARIABLE = YES;
				IPHONEOS_DEPLOYMENT_TARGET = 12.0;
				MTL_ENABLE_DEBUG_INFO = INCLUDE_SOURCE;
				MTL_FAST_MATH = YES;
				ONLY_ACTIVE_ARCH = YES;
				SDKROOT = iphoneos;
				SWIFT_ACTIVE_COMPILATION_CONDITIONS = DEBUG;
				SWIFT_OPTIMIZATION_LEVEL = "-Onone";
			};
			name = Debug;
		};
		6C3FB69A2171D99300A40E7A /* Release */ = {
			isa = XCBuildConfiguration;
			buildSettings = {
				ALWAYS_SEARCH_USER_PATHS = NO;
				CLANG_ANALYZER_NONNULL = YES;
				CLANG_ANALYZER_NUMBER_OBJECT_CONVERSION = YES_AGGRESSIVE;
				CLANG_CXX_LANGUAGE_STANDARD = "gnu++14";
				CLANG_CXX_LIBRARY = "libc++";
				CLANG_ENABLE_MODULES = YES;
				CLANG_ENABLE_OBJC_ARC = YES;
				CLANG_ENABLE_OBJC_WEAK = YES;
				CLANG_WARN_BLOCK_CAPTURE_AUTORELEASING = YES;
				CLANG_WARN_BOOL_CONVERSION = YES;
				CLANG_WARN_COMMA = YES;
				CLANG_WARN_CONSTANT_CONVERSION = YES;
				CLANG_WARN_DEPRECATED_OBJC_IMPLEMENTATIONS = YES;
				CLANG_WARN_DIRECT_OBJC_ISA_USAGE = YES_ERROR;
				CLANG_WARN_DOCUMENTATION_COMMENTS = YES;
				CLANG_WARN_EMPTY_BODY = YES;
				CLANG_WARN_ENUM_CONVERSION = YES;
				CLANG_WARN_INFINITE_RECURSION = YES;
				CLANG_WARN_INT_CONVERSION = YES;
				CLANG_WARN_NON_LITERAL_NULL_CONVERSION = YES;
				CLANG_WARN_OBJC_IMPLICIT_RETAIN_SELF = YES;
				CLANG_WARN_OBJC_LITERAL_CONVERSION = YES;
				CLANG_WARN_OBJC_ROOT_CLASS = YES_ERROR;
				CLANG_WARN_RANGE_LOOP_ANALYSIS = YES;
				CLANG_WARN_STRICT_PROTOTYPES = YES;
				CLANG_WARN_SUSPICIOUS_MOVE = YES;
				CLANG_WARN_UNGUARDED_AVAILABILITY = YES_AGGRESSIVE;
				CLANG_WARN_UNREACHABLE_CODE = YES;
				CLANG_WARN__DUPLICATE_METHOD_MATCH = YES;
				CODE_SIGN_IDENTITY = "iPhone Developer";
				COPY_PHASE_STRIP = NO;
				DEBUG_INFORMATION_FORMAT = "dwarf-with-dsym";
				ENABLE_NS_ASSERTIONS = NO;
				ENABLE_STRICT_OBJC_MSGSEND = YES;
				GCC_C_LANGUAGE_STANDARD = gnu11;
				GCC_NO_COMMON_BLOCKS = YES;
				GCC_WARN_64_TO_32_BIT_CONVERSION = YES;
				GCC_WARN_ABOUT_RETURN_TYPE = YES_ERROR;
				GCC_WARN_UNDECLARED_SELECTOR = YES;
				GCC_WARN_UNINITIALIZED_AUTOS = YES_AGGRESSIVE;
				GCC_WARN_UNUSED_FUNCTION = YES;
				GCC_WARN_UNUSED_VARIABLE = YES;
				IPHONEOS_DEPLOYMENT_TARGET = 12.0;
				MTL_ENABLE_DEBUG_INFO = NO;
				MTL_FAST_MATH = YES;
				SDKROOT = iphoneos;
				SWIFT_COMPILATION_MODE = wholemodule;
				SWIFT_OPTIMIZATION_LEVEL = "-O";
				VALIDATE_PRODUCT = YES;
			};
			name = Release;
		};
		6C3FB69C2171D99300A40E7A /* Debug */ = {
			isa = XCBuildConfiguration;
			buildSettings = {
				ASSETCATALOG_COMPILER_APPICON_NAME = AppIcon;
				CODE_SIGN_STYLE = Automatic;
				DEVELOPMENT_TEAM = 58B9M9NL9X;
				INFOPLIST_FILE = StarTrivia/Info.plist;
				LD_RUNPATH_SEARCH_PATHS = (
					"$(inherited)",
					"@executable_path/Frameworks",
				);
				PRODUCT_BUNDLE_IDENTIFIER = com.appdelight.StarTrivia;
				PRODUCT_NAME = "$(TARGET_NAME)";
				SWIFT_VERSION = 4.2;
				TARGETED_DEVICE_FAMILY = "1,2";
			};
			name = Debug;
		};
		6C3FB69D2171D99300A40E7A /* Release */ = {
			isa = XCBuildConfiguration;
			buildSettings = {
				ASSETCATALOG_COMPILER_APPICON_NAME = AppIcon;
				CODE_SIGN_STYLE = Automatic;
				DEVELOPMENT_TEAM = 58B9M9NL9X;
				INFOPLIST_FILE = StarTrivia/Info.plist;
				LD_RUNPATH_SEARCH_PATHS = (
					"$(inherited)",
					"@executable_path/Frameworks",
				);
				PRODUCT_BUNDLE_IDENTIFIER = com.appdelight.StarTrivia;
				PRODUCT_NAME = "$(TARGET_NAME)";
				SWIFT_VERSION = 4.2;
				TARGETED_DEVICE_FAMILY = "1,2";
			};
			name = Release;
		};
/* End XCBuildConfiguration section */

/* Begin XCConfigurationList section */
		6C3FB6842171D99100A40E7A /* Build configuration list for PBXProject "StarTrivia" */ = {
			isa = XCConfigurationList;
			buildConfigurations = (
				6C3FB6992171D99300A40E7A /* Debug */,
				6C3FB69A2171D99300A40E7A /* Release */,
			);
			defaultConfigurationIsVisible = 0;
			defaultConfigurationName = Release;
		};
		6C3FB69B2171D99300A40E7A /* Build configuration list for PBXNativeTarget "StarTrivia" */ = {
			isa = XCConfigurationList;
			buildConfigurations = (
				6C3FB69C2171D99300A40E7A /* Debug */,
				6C3FB69D2171D99300A40E7A /* Release */,
			);
			defaultConfigurationIsVisible = 0;
			defaultConfigurationName = Release;
		};
/* End XCConfigurationList section */
	};
	rootObject = 6C3FB6812171D99100A40E7A /* Project object */;
}
